// !$*UTF8*$!
{
	archiveVersion = 1;
	classes = {
	};
	objectVersion = 46;
	objects = {

/* Begin PBXBuildFile section */
		3043C0461F2EFBFD00D3C6B4 /* AppDelegate.swift in Sources */ = {isa = PBXBuildFile; fileRef = 3043C0451F2EFBFD00D3C6B4 /* AppDelegate.swift */; };
		3043C0481F2EFBFD00D3C6B4 /* ViewController.swift in Sources */ = {isa = PBXBuildFile; fileRef = 3043C0471F2EFBFD00D3C6B4 /* ViewController.swift */; };
		3043C04B1F2EFBFD00D3C6B4 /* Main.storyboard in Resources */ = {isa = PBXBuildFile; fileRef = 3043C0491F2EFBFD00D3C6B4 /* Main.storyboard */; };
		3043C04D1F2EFBFD00D3C6B4 /* Assets.xcassets in Resources */ = {isa = PBXBuildFile; fileRef = 3043C04C1F2EFBFD00D3C6B4 /* Assets.xcassets */; };
		3043C0501F2EFBFD00D3C6B4 /* LaunchScreen.storyboard in Resources */ = {isa = PBXBuildFile; fileRef = 3043C04E1F2EFBFD00D3C6B4 /* LaunchScreen.storyboard */; };
		3043C05B1F2EFBFD00D3C6B4 /* _____demoTests.swift in Sources */ = {isa = PBXBuildFile; fileRef = 3043C05A1F2EFBFD00D3C6B4 /* _____demoTests.swift */; };
		3043C0661F2EFBFD00D3C6B4 /* _____demoUITests.swift in Sources */ = {isa = PBXBuildFile; fileRef = 3043C0651F2EFBFD00D3C6B4 /* _____demoUITests.swift */; };
/* End PBXBuildFile section */

/* Begin PBXContainerItemProxy section */
		3043C0571F2EFBFD00D3C6B4 /* PBXContainerItemProxy */ = {
			isa = PBXContainerItemProxy;
			containerPortal = 3043C03A1F2EFBFD00D3C6B4 /* Project object */;
			proxyType = 1;
			remoteGlobalIDString = 3043C0411F2EFBFD00D3C6B4;
			remoteInfo = "粒子发射器demo";
		};
		3043C0621F2EFBFD00D3C6B4 /* PBXContainerItemProxy */ = {
			isa = PBXContainerItemProxy;
			containerPortal = 3043C03A1F2EFBFD00D3C6B4 /* Project object */;
			proxyType = 1;
			remoteGlobalIDString = 3043C0411F2EFBFD00D3C6B4;
			remoteInfo = "粒子发射器demo";
		};
/* End PBXContainerItemProxy section */

/* Begin PBXFileReference section */
		3043C0421F2EFBFD00D3C6B4 /* 粒子发射器demo.app */ = {isa = PBXFileReference; explicitFileType = wrapper.application; includeInIndex = 0; path = "粒子发射器demo.app"; sourceTree = BUILT_PRODUCTS_DIR; };
		3043C0451F2EFBFD00D3C6B4 /* AppDelegate.swift */ = {isa = PBXFileReference; lastKnownFileType = sourcecode.swift; path = AppDelegate.swift; sourceTree = "<group>"; };
		3043C0471F2EFBFD00D3C6B4 /* ViewController.swift */ = {isa = PBXFileReference; lastKnownFileType = sourcecode.swift; path = ViewController.swift; sourceTree = "<group>"; };
		3043C04A1F2EFBFD00D3C6B4 /* Base */ = {isa = PBXFileReference; lastKnownFileType = file.storyboard; name = Base; path = Base.lproj/Main.storyboard; sourceTree = "<group>"; };
		3043C04C1F2EFBFD00D3C6B4 /* Assets.xcassets */ = {isa = PBXFileReference; lastKnownFileType = folder.assetcatalog; path = Assets.xcassets; sourceTree = "<group>"; };
		3043C04F1F2EFBFD00D3C6B4 /* Base */ = {isa = PBXFileReference; lastKnownFileType = file.storyboard; name = Base; path = Base.lproj/LaunchScreen.storyboard; sourceTree = "<group>"; };
		3043C0511F2EFBFD00D3C6B4 /* Info.plist */ = {isa = PBXFileReference; lastKnownFileType = text.plist.xml; path = Info.plist; sourceTree = "<group>"; };
		3043C0561F2EFBFD00D3C6B4 /* 粒子发射器demoTests.xctest */ = {isa = PBXFileReference; explicitFileType = wrapper.cfbundle; includeInIndex = 0; path = "粒子发射器demoTests.xctest"; sourceTree = BUILT_PRODUCTS_DIR; };
		3043C05A1F2EFBFD00D3C6B4 /* _____demoTests.swift */ = {isa = PBXFileReference; lastKnownFileType = sourcecode.swift; path = "_____demoTests.swift"; sourceTree = "<group>"; };
		3043C05C1F2EFBFD00D3C6B4 /* Info.plist */ = {isa = PBXFileReference; lastKnownFileType = text.plist.xml; path = Info.plist; sourceTree = "<group>"; };
		3043C0611F2EFBFD00D3C6B4 /* 粒子发射器demoUITests.xctest */ = {isa = PBXFileReference; explicitFileType = wrapper.cfbundle; includeInIndex = 0; path = "粒子发射器demoUITests.xctest"; sourceTree = BUILT_PRODUCTS_DIR; };
		3043C0651F2EFBFD00D3C6B4 /* _____demoUITests.swift */ = {isa = PBXFileReference; lastKnownFileType = sourcecode.swift; path = "_____demoUITests.swift"; sourceTree = "<group>"; };
		3043C0671F2EFBFD00D3C6B4 /* Info.plist */ = {isa = PBXFileReference; lastKnownFileType = text.plist.xml; path = Info.plist; sourceTree = "<group>"; };
/* End PBXFileReference section */

/* Begin PBXFrameworksBuildPhase section */
		3043C03F1F2EFBFD00D3C6B4 /* Frameworks */ = {
			isa = PBXFrameworksBuildPhase;
			buildActionMask = 2147483647;
			files = (
			);
			runOnlyForDeploymentPostprocessing = 0;
		};
		3043C0531F2EFBFD00D3C6B4 /* Frameworks */ = {
			isa = PBXFrameworksBuildPhase;
			buildActionMask = 2147483647;
			files = (
			);
			runOnlyForDeploymentPostprocessing = 0;
		};
		3043C05E1F2EFBFD00D3C6B4 /* Frameworks */ = {
			isa = PBXFrameworksBuildPhase;
			buildActionMask = 2147483647;
			files = (
			);
			runOnlyForDeploymentPostprocessing = 0;
		};
/* End PBXFrameworksBuildPhase section */

/* Begin PBXGroup section */
		3043C0391F2EFBFD00D3C6B4 = {
			isa = PBXGroup;
			children = (
				3043C0441F2EFBFD00D3C6B4 /* 粒子发射器demo */,
				3043C0591F2EFBFD00D3C6B4 /* 粒子发射器demoTests */,
				3043C0641F2EFBFD00D3C6B4 /* 粒子发射器demoUITests */,
				3043C0431F2EFBFD00D3C6B4 /* Products */,
			);
			sourceTree = "<group>";
		};
		3043C0431F2EFBFD00D3C6B4 /* Products */ = {
			isa = PBXGroup;
			children = (
				3043C0421F2EFBFD00D3C6B4 /* 粒子发射器demo.app */,
				3043C0561F2EFBFD00D3C6B4 /* 粒子发射器demoTests.xctest */,
				3043C0611F2EFBFD00D3C6B4 /* 粒子发射器demoUITests.xctest */,
			);
			name = Products;
			sourceTree = "<group>";
		};
		3043C0441F2EFBFD00D3C6B4 /* 粒子发射器demo */ = {
			isa = PBXGroup;
			children = (
				3043C0451F2EFBFD00D3C6B4 /* AppDelegate.swift */,
				3043C0471F2EFBFD00D3C6B4 /* ViewController.swift */,
				3043C0491F2EFBFD00D3C6B4 /* Main.storyboard */,
				3043C04C1F2EFBFD00D3C6B4 /* Assets.xcassets */,
				3043C04E1F2EFBFD00D3C6B4 /* LaunchScreen.storyboard */,
				3043C0511F2EFBFD00D3C6B4 /* Info.plist */,
			);
			path = "粒子发射器demo";
			sourceTree = "<group>";
		};
		3043C0591F2EFBFD00D3C6B4 /* 粒子发射器demoTests */ = {
			isa = PBXGroup;
			children = (
				3043C05A1F2EFBFD00D3C6B4 /* _____demoTests.swift */,
				3043C05C1F2EFBFD00D3C6B4 /* Info.plist */,
			);
			path = "粒子发射器demoTests";
			sourceTree = "<group>";
		};
		3043C0641F2EFBFD00D3C6B4 /* 粒子发射器demoUITests */ = {
			isa = PBXGroup;
			children = (
				3043C0651F2EFBFD00D3C6B4 /* _____demoUITests.swift */,
				3043C0671F2EFBFD00D3C6B4 /* Info.plist */,
			);
			path = "粒子发射器demoUITests";
			sourceTree = "<group>";
		};
/* End PBXGroup section */

/* Begin PBXNativeTarget section */
		3043C0411F2EFBFD00D3C6B4 /* 粒子发射器demo */ = {
			isa = PBXNativeTarget;
			buildConfigurationList = 3043C06A1F2EFBFD00D3C6B4 /* Build configuration list for PBXNativeTarget "粒子发射器demo" */;
			buildPhases = (
				3043C03E1F2EFBFD00D3C6B4 /* Sources */,
				3043C03F1F2EFBFD00D3C6B4 /* Frameworks */,
				3043C0401F2EFBFD00D3C6B4 /* Resources */,
			);
			buildRules = (
			);
			dependencies = (
			);
			name = "粒子发射器demo";
			productName = "粒子发射器demo";
			productReference = 3043C0421F2EFBFD00D3C6B4 /* 粒子发射器demo.app */;
			productType = "com.apple.product-type.application";
		};
		3043C0551F2EFBFD00D3C6B4 /* 粒子发射器demoTests */ = {
			isa = PBXNativeTarget;
			buildConfigurationList = 3043C06D1F2EFBFD00D3C6B4 /* Build configuration list for PBXNativeTarget "粒子发射器demoTests" */;
			buildPhases = (
				3043C0521F2EFBFD00D3C6B4 /* Sources */,
				3043C0531F2EFBFD00D3C6B4 /* Frameworks */,
				3043C0541F2EFBFD00D3C6B4 /* Resources */,
			);
			buildRules = (
			);
			dependencies = (
				3043C0581F2EFBFD00D3C6B4 /* PBXTargetDependency */,
			);
			name = "粒子发射器demoTests";
			productName = "粒子发射器demoTests";
			productReference = 3043C0561F2EFBFD00D3C6B4 /* 粒子发射器demoTests.xctest */;
			productType = "com.apple.product-type.bundle.unit-test";
		};
		3043C0601F2EFBFD00D3C6B4 /* 粒子发射器demoUITests */ = {
			isa = PBXNativeTarget;
			buildConfigurationList = 3043C0701F2EFBFD00D3C6B4 /* Build configuration list for PBXNativeTarget "粒子发射器demoUITests" */;
			buildPhases = (
				3043C05D1F2EFBFD00D3C6B4 /* Sources */,
				3043C05E1F2EFBFD00D3C6B4 /* Frameworks */,
				3043C05F1F2EFBFD00D3C6B4 /* Resources */,
			);
			buildRules = (
			);
			dependencies = (
				3043C0631F2EFBFD00D3C6B4 /* PBXTargetDependency */,
			);
			name = "粒子发射器demoUITests";
			productName = "粒子发射器demoUITests";
			productReference = 3043C0611F2EFBFD00D3C6B4 /* 粒子发射器demoUITests.xctest */;
			productType = "com.apple.product-type.bundle.ui-testing";
		};
/* End PBXNativeTarget section */

/* Begin PBXProject section */
		3043C03A1F2EFBFD00D3C6B4 /* Project object */ = {
			isa = PBXProject;
			attributes = {
				LastSwiftUpdateCheck = 0820;
				LastUpgradeCheck = 0820;
				ORGANIZATIONNAME = Danny;
				TargetAttributes = {
					3043C0411F2EFBFD00D3C6B4 = {
						CreatedOnToolsVersion = 8.2.1;
						ProvisioningStyle = Automatic;
					};
					3043C0551F2EFBFD00D3C6B4 = {
						CreatedOnToolsVersion = 8.2.1;
						ProvisioningStyle = Automatic;
						TestTargetID = 3043C0411F2EFBFD00D3C6B4;
					};
					3043C0601F2EFBFD00D3C6B4 = {
						CreatedOnToolsVersion = 8.2.1;
						ProvisioningStyle = Automatic;
						TestTargetID = 3043C0411F2EFBFD00D3C6B4;
					};
				};
			};
			buildConfigurationList = 3043C03D1F2EFBFD00D3C6B4 /* Build configuration list for PBXProject "粒子发射器demo" */;
			compatibilityVersion = "Xcode 3.2";
			developmentRegion = English;
			hasScannedForEncodings = 0;
			knownRegions = (
				en,
				Base,
			);
			mainGroup = 3043C0391F2EFBFD00D3C6B4;
			productRefGroup = 3043C0431F2EFBFD00D3C6B4 /* Products */;
			projectDirPath = "";
			projectRoot = "";
			targets = (
				3043C0411F2EFBFD00D3C6B4 /* 粒子发射器demo */,
				3043C0551F2EFBFD00D3C6B4 /* 粒子发射器demoTests */,
				3043C0601F2EFBFD00D3C6B4 /* 粒子发射器demoUITests */,
			);
		};
/* End PBXProject section */

/* Begin PBXResourcesBuildPhase section */
		3043C0401F2EFBFD00D3C6B4 /* Resources */ = {
			isa = PBXResourcesBuildPhase;
			buildActionMask = 2147483647;
			files = (
				3043C0501F2EFBFD00D3C6B4 /* LaunchScreen.storyboard in Resources */,
				3043C04D1F2EFBFD00D3C6B4 /* Assets.xcassets in Resources */,
				3043C04B1F2EFBFD00D3C6B4 /* Main.storyboard in Resources */,
			);
			runOnlyForDeploymentPostprocessing = 0;
		};
		3043C0541F2EFBFD00D3C6B4 /* Resources */ = {
			isa = PBXResourcesBuildPhase;
			buildActionMask = 2147483647;
			files = (
			);
			runOnlyForDeploymentPostprocessing = 0;
		};
		3043C05F1F2EFBFD00D3C6B4 /* Resources */ = {
			isa = PBXResourcesBuildPhase;
			buildActionMask = 2147483647;
			files = (
			);
			runOnlyForDeploymentPostprocessing = 0;
		};
/* End PBXResourcesBuildPhase section */

/* Begin PBXSourcesBuildPhase section */
		3043C03E1F2EFBFD00D3C6B4 /* Sources */ = {
			isa = PBXSourcesBuildPhase;
			buildActionMask = 2147483647;
			files = (
				3043C0481F2EFBFD00D3C6B4 /* ViewController.swift in Sources */,
				3043C0461F2EFBFD00D3C6B4 /* AppDelegate.swift in Sources */,
			);
			runOnlyForDeploymentPostprocessing = 0;
		};
		3043C0521F2EFBFD00D3C6B4 /* Sources */ = {
			isa = PBXSourcesBuildPhase;
			buildActionMask = 2147483647;
			files = (
				3043C05B1F2EFBFD00D3C6B4 /* _____demoTests.swift in Sources */,
			);
			runOnlyForDeploymentPostprocessing = 0;
		};
		3043C05D1F2EFBFD00D3C6B4 /* Sources */ = {
			isa = PBXSourcesBuildPhase;
			buildActionMask = 2147483647;
			files = (
				3043C0661F2EFBFD00D3C6B4 /* _____demoUITests.swift in Sources */,
			);
			runOnlyForDeploymentPostprocessing = 0;
		};
/* End PBXSourcesBuildPhase section */

/* Begin PBXTargetDependency section */
		3043C0581F2EFBFD00D3C6B4 /* PBXTargetDependency */ = {
			isa = PBXTargetDependency;
			target = 3043C0411F2EFBFD00D3C6B4 /* 粒子发射器demo */;
			targetProxy = 3043C0571F2EFBFD00D3C6B4 /* PBXContainerItemProxy */;
		};
		3043C0631F2EFBFD00D3C6B4 /* PBXTargetDependency */ = {
			isa = PBXTargetDependency;
			target = 3043C0411F2EFBFD00D3C6B4 /* 粒子发射器demo */;
			targetProxy = 3043C0621F2EFBFD00D3C6B4 /* PBXContainerItemProxy */;
		};
/* End PBXTargetDependency section */

/* Begin PBXVariantGroup section */
		3043C0491F2EFBFD00D3C6B4 /* Main.storyboard */ = {
			isa = PBXVariantGroup;
			children = (
				3043C04A1F2EFBFD00D3C6B4 /* Base */,
			);
			name = Main.storyboard;
			sourceTree = "<group>";
		};
		3043C04E1F2EFBFD00D3C6B4 /* LaunchScreen.storyboard */ = {
			isa = PBXVariantGroup;
			children = (
				3043C04F1F2EFBFD00D3C6B4 /* Base */,
			);
			name = LaunchScreen.storyboard;
			sourceTree = "<group>";
		};
/* End PBXVariantGroup section */

/* Begin XCBuildConfiguration section */
		3043C0681F2EFBFD00D3C6B4 /* Debug */ = {
			isa = XCBuildConfiguration;
			buildSettings = {
				ALWAYS_SEARCH_USER_PATHS = NO;
				CLANG_ANALYZER_NONNULL = YES;
				CLANG_CXX_LANGUAGE_STANDARD = "gnu++0x";
				CLANG_CXX_LIBRARY = "libc++";
				CLANG_ENABLE_MODULES = YES;
				CLANG_ENABLE_OBJC_ARC = YES;
				CLANG_WARN_BOOL_CONVERSION = YES;
				CLANG_WARN_CONSTANT_CONVERSION = YES;
				CLANG_WARN_DIRECT_OBJC_ISA_USAGE = YES_ERROR;
				CLANG_WARN_DOCUMENTATION_COMMENTS = YES;
				CLANG_WARN_EMPTY_BODY = YES;
				CLANG_WARN_ENUM_CONVERSION = YES;
				CLANG_WARN_INFINITE_RECURSION = YES;
				CLANG_WARN_INT_CONVERSION = YES;
				CLANG_WARN_OBJC_ROOT_CLASS = YES_ERROR;
				CLANG_WARN_SUSPICIOUS_MOVE = YES;
				CLANG_WARN_UNREACHABLE_CODE = YES;
				CLANG_WARN__DUPLICATE_METHOD_MATCH = YES;
				"CODE_SIGN_IDENTITY[sdk=iphoneos*]" = "iPhone Developer";
				COPY_PHASE_STRIP = NO;
				DEBUG_INFORMATION_FORMAT = dwarf;
				ENABLE_STRICT_OBJC_MSGSEND = YES;
				ENABLE_TESTABILITY = YES;
				GCC_C_LANGUAGE_STANDARD = gnu99;
				GCC_DYNAMIC_NO_PIC = NO;
				GCC_NO_COMMON_BLOCKS = YES;
				GCC_OPTIMIZATION_LEVEL = 0;
				GCC_PREPROCESSOR_DEFINITIONS = (
					"DEBUG=1",
					"$(inherited)",
				);
				GCC_WARN_64_TO_32_BIT_CONVERSION = YES;
				GCC_WARN_ABOUT_RETURN_TYPE = YES_ERROR;
				GCC_WARN_UNDECLARED_SELECTOR = YES;
				GCC_WARN_UNINITIALIZED_AUTOS = YES_AGGRESSIVE;
				GCC_WARN_UNUSED_FUNCTION = YES;
				GCC_WARN_UNUSED_VARIABLE = YES;
				IPHONEOS_DEPLOYMENT_TARGET = 10.2;
				MTL_ENABLE_DEBUG_INFO = YES;
				ONLY_ACTIVE_ARCH = YES;
				SDKROOT = iphoneos;
				SWIFT_ACTIVE_COMPILATION_CONDITIONS = DEBUG;
				SWIFT_OPTIMIZATION_LEVEL = "-Onone";
				TARGETED_DEVICE_FAMILY = "1,2";
			};
			name = Debug;
		};
		3043C0691F2EFBFD00D3C6B4 /* Release */ = {
			isa = XCBuildConfiguration;
			buildSettings = {
				ALWAYS_SEARCH_USER_PATHS = NO;
				CLANG_ANALYZER_NONNULL = YES;
				CLANG_CXX_LANGUAGE_STANDARD = "gnu++0x";
				CLANG_CXX_LIBRARY = "libc++";
				CLANG_ENABLE_MODULES = YES;
				CLANG_ENABLE_OBJC_ARC = YES;
				CLANG_WARN_BOOL_CONVERSION = YES;
				CLANG_WARN_CONSTANT_CONVERSION = YES;
				CLANG_WARN_DIRECT_OBJC_ISA_USAGE = YES_ERROR;
				CLANG_WARN_DOCUMENTATION_COMMENTS = YES;
				CLANG_WARN_EMPTY_BODY = YES;
				CLANG_WARN_ENUM_CONVERSION = YES;
				CLANG_WARN_INFINITE_RECURSION = YES;
				CLANG_WARN_INT_CONVERSION = YES;
				CLANG_WARN_OBJC_ROOT_CLASS = YES_ERROR;
				CLANG_WARN_SUSPICIOUS_MOVE = YES;
				CLANG_WARN_UNREACHABLE_CODE = YES;
				CLANG_WARN__DUPLICATE_METHOD_MATCH = YES;
				"CODE_SIGN_IDENTITY[sdk=iphoneos*]" = "iPhone Developer";
				COPY_PHASE_STRIP = NO;
				DEBUG_INFORMATION_FORMAT = "dwarf-with-dsym";
				ENABLE_NS_ASSERTIONS = NO;
				ENABLE_STRICT_OBJC_MSGSEND = YES;
				GCC_C_LANGUAGE_STANDARD = gnu99;
				GCC_NO_COMMON_BLOCKS = YES;
				GCC_WARN_64_TO_32_BIT_CONVERSION = YES;
				GCC_WARN_ABOUT_RETURN_TYPE = YES_ERROR;
				GCC_WARN_UNDECLARED_SELECTOR = YES;
				GCC_WARN_UNINITIALIZED_AUTOS = YES_AGGRESSIVE;
				GCC_WARN_UNUSED_FUNCTION = YES;
				GCC_WARN_UNUSED_VARIABLE = YES;
				IPHONEOS_DEPLOYMENT_TARGET = 10.2;
				MTL_ENABLE_DEBUG_INFO = NO;
				SDKROOT = iphoneos;
				SWIFT_OPTIMIZATION_LEVEL = "-Owholemodule";
				TARGETED_DEVICE_FAMILY = "1,2";
				VALIDATE_PRODUCT = YES;
			};
			name = Release;
		};
		3043C06B1F2EFBFD00D3C6B4 /* Debug */ = {
			isa = XCBuildConfiguration;
			buildSettings = {
				ASSETCATALOG_COMPILER_APPICON_NAME = AppIcon;
				INFOPLIST_FILE = "粒子发射器demo/Info.plist";
				LD_RUNPATH_SEARCH_PATHS = "$(inherited) @executable_path/Frameworks";
				PRODUCT_BUNDLE_IDENTIFIER = "www.baidu.com.-----demo";
				PRODUCT_NAME = "$(TARGET_NAME)";
				SWIFT_VERSION = 3.0;
			};
			name = Debug;
		};
		3043C06C1F2EFBFD00D3C6B4 /* Release */ = {
			isa = XCBuildConfiguration;
			buildSettings = {
				ASSETCATALOG_COMPILER_APPICON_NAME = AppIcon;
				INFOPLIST_FILE = "粒子发射器demo/Info.plist";
				LD_RUNPATH_SEARCH_PATHS = "$(inherited) @executable_path/Frameworks";
				PRODUCT_BUNDLE_IDENTIFIER = "www.baidu.com.-----demo";
				PRODUCT_NAME = "$(TARGET_NAME)";
				SWIFT_VERSION = 3.0;
			};
			name = Release;
		};
		3043C06E1F2EFBFD00D3C6B4 /* Debug */ = {
			isa = XCBuildConfiguration;
			buildSettings = {
				ALWAYS_EMBED_SWIFT_STANDARD_LIBRARIES = YES;
				BUNDLE_LOADER = "$(TEST_HOST)";
				INFOPLIST_FILE = "粒子发射器demoTests/Info.plist";
				LD_RUNPATH_SEARCH_PATHS = "$(inherited) @executable_path/Frameworks @loader_path/Frameworks";
				PRODUCT_BUNDLE_IDENTIFIER = "www.baidu.com.-----demoTests";
				PRODUCT_NAME = "$(TARGET_NAME)";
				SWIFT_VERSION = 3.0;
				TEST_HOST = "$(BUILT_PRODUCTS_DIR)/粒子发射器demo.app/粒子发射器demo";
			};
			name = Debug;
		};
		3043C06F1F2EFBFD00D3C6B4 /* Release */ = {
			isa = XCBuildConfiguration;
			buildSettings = {
				ALWAYS_EMBED_SWIFT_STANDARD_LIBRARIES = YES;
				BUNDLE_LOADER = "$(TEST_HOST)";
				INFOPLIST_FILE = "粒子发射器demoTests/Info.plist";
				LD_RUNPATH_SEARCH_PATHS = "$(inherited) @executable_path/Frameworks @loader_path/Frameworks";
				PRODUCT_BUNDLE_IDENTIFIER = "www.baidu.com.-----demoTests";
				PRODUCT_NAME = "$(TARGET_NAME)";
				SWIFT_VERSION = 3.0;
				TEST_HOST = "$(BUILT_PRODUCTS_DIR)/粒子发射器demo.app/粒子发射器demo";
			};
			name = Release;
		};
		3043C0711F2EFBFD00D3C6B4 /* Debug */ = {
			isa = XCBuildConfiguration;
			buildSettings = {
				ALWAYS_EMBED_SWIFT_STANDARD_LIBRARIES = YES;
				INFOPLIST_FILE = "粒子发射器demoUITests/Info.plist";
				LD_RUNPATH_SEARCH_PATHS = "$(inherited) @executable_path/Frameworks @loader_path/Frameworks";
				PRODUCT_BUNDLE_IDENTIFIER = "www.baidu.com.-----demoUITests";
				PRODUCT_NAME = "$(TARGET_NAME)";
				SWIFT_VERSION = 3.0;
				TEST_TARGET_NAME = "粒子发射器demo";
			};
			name = Debug;
		};
		3043C0721F2EFBFD00D3C6B4 /* Release */ = {
			isa = XCBuildConfiguration;
			buildSettings = {
				ALWAYS_EMBED_SWIFT_STANDARD_LIBRARIES = YES;
				INFOPLIST_FILE = "粒子发射器demoUITests/Info.plist";
				LD_RUNPATH_SEARCH_PATHS = "$(inherited) @executable_path/Frameworks @loader_path/Frameworks";
				PRODUCT_BUNDLE_IDENTIFIER = "www.baidu.com.-----demoUITests";
				PRODUCT_NAME = "$(TARGET_NAME)";
				SWIFT_VERSION = 3.0;
				TEST_TARGET_NAME = "粒子发射器demo";
			};
			name = Release;
		};
/* End XCBuildConfiguration section */

/* Begin XCConfigurationList section */
		3043C03D1F2EFBFD00D3C6B4 /* Build configuration list for PBXProject "粒子发射器demo" */ = {
			isa = XCConfigurationList;
			buildConfigurations = (
				3043C0681F2EFBFD00D3C6B4 /* Debug */,
				3043C0691F2EFBFD00D3C6B4 /* Release */,
			);
			defaultConfigurationIsVisible = 0;
			defaultConfigurationName = Release;
		};
		3043C06A1F2EFBFD00D3C6B4 /* Build configuration list for PBXNativeTarget "粒子发射器demo" */ = {
			isa = XCConfigurationList;
			buildConfigurations = (
				3043C06B1F2EFBFD00D3C6B4 /* Debug */,
				3043C06C1F2EFBFD00D3C6B4 /* Release */,
			);
			defaultConfigurationIsVisible = 0;
		};
		3043C06D1F2EFBFD00D3C6B4 /* Build configuration list for PBXNativeTarget "粒子发射器demoTests" */ = {
			isa = XCConfigurationList;
			buildConfigurations = (
				3043C06E1F2EFBFD00D3C6B4 /* Debug */,
				3043C06F1F2EFBFD00D3C6B4 /* Release */,
			);
			defaultConfigurationIsVisible = 0;
		};
		3043C0701F2EFBFD00D3C6B4 /* Build configuration list for PBXNativeTarget "粒子发射器demoUITests" */ = {
			isa = XCConfigurationList;
			buildConfigurations = (
				3043C0711F2EFBFD00D3C6B4 /* Debug */,
				3043C0721F2EFBFD00D3C6B4 /* Release */,
			);
			defaultConfigurationIsVisible = 0;
		};
/* End XCConfigurationList section */
	};
	rootObject = 3043C03A1F2EFBFD00D3C6B4 /* Project object */;
}
